
Microsoft Visual Studio Solution File, Format Version 12.00
# Visual Studio 14
VisualStudioVersion = 14.0.25420.1
MinimumVisualStudioVersion = 10.0.40219.1
Project("{FAE04EC0-301F-11D3-BF4B-00C04F79EFBC}") = "HireMeCodeFirst", "HireMeCodeFirst\HireMeCodeFirst.csproj", "{FA67B508-6D69-4C92-9064-8EDA1DCDFB78}"
EndProject
Global
	GlobalSection(SolutionConfigurationPlatforms) = preSolution
		Debug|Any CPU = Debug|Any CPU
		Release|Any CPU = Release|Any CPU
	EndGlobalSection
	GlobalSection(ProjectConfigurationPlatforms) = postSolution
		{FA67B508-6D69-4C92-9064-8EDA1DCDFB78}.Debug|Any CPU.ActiveCfg = Debug|Any CPU
		{FA67B508-6D69-4C92-9064-8EDA1DCDFB78}.Debug|Any CPU.Build.0 = Debug|Any CPU
		{FA67B508-6D69-4C92-9064-8EDA1DCDFB78}.Release|Any CPU.ActiveCfg = Release|Any CPU
		{FA67B508-6D69-4C92-9064-8EDA1DCDFB78}.Release|Any CPU.Build.0 = Release|Any CPU
	EndGlobalSection
	GlobalSection(SolutionProperties) = preSolution
		HideSolutionNode = FALSE
	EndGlobalSection
EndGlobal
